// !$*UTF8*$!
{
	archiveVersion = 1;
	classes = {
	};
	objectVersion = 56;
	objects = {

/* Begin PBXBuildFile section */
		BB49E81B2DE50A1D0015BBDA /* RegisterView.swift in Sources */ = {isa = PBXBuildFile; fileRef = BB49E81A2DE50A1D0015BBDA /* RegisterView.swift */; };
		BB49E81E2DE50A5B0015BBDA /* MainView.swift in Sources */ = {isa = PBXBuildFile; fileRef = BB49E81D2DE50A5B0015BBDA /* MainView.swift */; };
		BB49E8202DE5342D0015BBDA /* ProfileView.swift in Sources */ = {isa = PBXBuildFile; fileRef = BB49E81F2DE5342C0015BBDA /* ProfileView.swift */; };
		BB49E8222DE537320015BBDA /* HeaderView.swift in Sources */ = {isa = PBXBuildFile; fileRef = BB49E8212DE537310015BBDA /* HeaderView.swift */; };
		BB49E8242DE58F420015BBDA /* ReusableProfileContent.swift in Sources */ = {isa = PBXBuildFile; fileRef = BB49E8232DE58F400015BBDA /* ReusableProfileContent.swift */; };
		BB49E8272DE591830015BBDA /* SDWebImageSwiftUI in Frameworks */ = {isa = PBXBuildFile; productRef = BB49E8262DE591830015BBDA /* SDWebImageSwiftUI */; };
		BB62EB732DE6286D00EC235B /* CreateNewPost.swift in Sources */ = {isa = PBXBuildFile; fileRef = BB62EB722DE6286D00EC235B /* CreateNewPost.swift */; };
		BB62EB752DE6287E00EC235B /* Post.swift in Sources */ = {isa = PBXBuildFile; fileRef = BB62EB742DE6287E00EC235B /* Post.swift */; };
		BB62EB772DE6461E00EC235B /* PostsView.swift in Sources */ = {isa = PBXBuildFile; fileRef = BB62EB762DE6461D00EC235B /* PostsView.swift */; };
		BB9C869E2DE2EBAD00CAA51A /* LoadingView.swift in Sources */ = {isa = PBXBuildFile; fileRef = BB9C869D2DE2EBAD00CAA51A /* LoadingView.swift */; };
		BBC20E1C2DE0EE6400781D93 /* TaggedApp.swift in Sources */ = {isa = PBXBuildFile; fileRef = BBC20E1B2DE0EE6400781D93 /* TaggedApp.swift */; };
		BBC20E1E2DE0EE6400781D93 /* ContentView.swift in Sources */ = {isa = PBXBuildFile; fileRef = BBC20E1D2DE0EE6400781D93 /* ContentView.swift */; };
		BBC20E202DE0EE6A00781D93 /* Assets.xcassets in Resources */ = {isa = PBXBuildFile; fileRef = BBC20E1F2DE0EE6A00781D93 /* Assets.xcassets */; };
		BBC20E232DE0EE6A00781D93 /* Preview Assets.xcassets in Resources */ = {isa = PBXBuildFile; fileRef = BBC20E222DE0EE6A00781D93 /* Preview Assets.xcassets */; };
		BBC20E2D2DE0EE6B00781D93 /* TaggedTests.swift in Sources */ = {isa = PBXBuildFile; fileRef = BBC20E2C2DE0EE6B00781D93 /* TaggedTests.swift */; };
		BBC20E372DE0EE6B00781D93 /* TaggedUITests.swift in Sources */ = {isa = PBXBuildFile; fileRef = BBC20E362DE0EE6B00781D93 /* TaggedUITests.swift */; };
		BBC20E392DE0EE6B00781D93 /* TaggedUITestsLaunchTests.swift in Sources */ = {isa = PBXBuildFile; fileRef = BBC20E382DE0EE6B00781D93 /* TaggedUITestsLaunchTests.swift */; };
		BBC20E462DE0EF6D00781D93 /* GoogleService-Info.plist in Resources */ = {isa = PBXBuildFile; fileRef = BBC20E452DE0EF6D00781D93 /* GoogleService-Info.plist */; };
		BBCD1C142DE26F8C001588EA /* FirebaseAuth in Frameworks */ = {isa = PBXBuildFile; productRef = BBCD1C132DE26F8C001588EA /* FirebaseAuth */; };
		BBCD1C162DE29548001588EA /* FirebaseFirestore in Frameworks */ = {isa = PBXBuildFile; productRef = BBCD1C152DE29548001588EA /* FirebaseFirestore */; };
		BBCD1C182DE29548001588EA /* FirebaseFirestoreSwift in Frameworks */ = {isa = PBXBuildFile; productRef = BBCD1C172DE29548001588EA /* FirebaseFirestoreSwift */; };
		BBCD1C1A2DE2955F001588EA /* FirebaseStorage in Frameworks */ = {isa = PBXBuildFile; productRef = BBCD1C192DE2955F001588EA /* FirebaseStorage */; };
		BBCD1C1C2DE29870001588EA /* User.swift in Sources */ = {isa = PBXBuildFile; fileRef = BBCD1C1B2DE29870001588EA /* User.swift */; };
		BBD781392DE1687C000A539C /* WelcomeView.swift in Sources */ = {isa = PBXBuildFile; fileRef = BBD781382DE1687C000A539C /* WelcomeView.swift */; };
		BBE4B07D2DE1739D00A6AAE2 /* LoginView.swift in Sources */ = {isa = PBXBuildFile; fileRef = BBE4B07C2DE1739D00A6AAE2 /* LoginView.swift */; };
		BBE4B0812DE1807400A6AAE2 /* ImagePicker.swift in Sources */ = {isa = PBXBuildFile; fileRef = BBE4B0802DE1807300A6AAE2 /* ImagePicker.swift */; };
/* End PBXBuildFile section */

/* Begin PBXContainerItemProxy section */
		BBC20E292DE0EE6B00781D93 /* PBXContainerItemProxy */ = {
			isa = PBXContainerItemProxy;
			containerPortal = BBC20E102DE0EE6300781D93 /* Project object */;
			proxyType = 1;
			remoteGlobalIDString = BBC20E172DE0EE6400781D93;
			remoteInfo = Tagged;
		};
		BBC20E332DE0EE6B00781D93 /* PBXContainerItemProxy */ = {
			isa = PBXContainerItemProxy;
			containerPortal = BBC20E102DE0EE6300781D93 /* Project object */;
			proxyType = 1;
			remoteGlobalIDString = BBC20E172DE0EE6400781D93;
			remoteInfo = Tagged;
		};
/* End PBXContainerItemProxy section */

/* Begin PBXFileReference section */
		BB49E81A2DE50A1D0015BBDA /* RegisterView.swift */ = {isa = PBXFileReference; fileEncoding = 4; lastKnownFileType = sourcecode.swift; path = RegisterView.swift; sourceTree = "<group>"; };
		BB49E81D2DE50A5B0015BBDA /* MainView.swift */ = {isa = PBXFileReference; lastKnownFileType = sourcecode.swift; path = MainView.swift; sourceTree = "<group>"; };
		BB49E81F2DE5342C0015BBDA /* ProfileView.swift */ = {isa = PBXFileReference; lastKnownFileType = sourcecode.swift; path = ProfileView.swift; sourceTree = "<group>"; };
		BB49E8212DE537310015BBDA /* HeaderView.swift */ = {isa = PBXFileReference; lastKnownFileType = sourcecode.swift; path = HeaderView.swift; sourceTree = "<group>"; };
		BB49E8232DE58F400015BBDA /* ReusableProfileContent.swift */ = {isa = PBXFileReference; lastKnownFileType = sourcecode.swift; path = ReusableProfileContent.swift; sourceTree = "<group>"; };
		BB62EB722DE6286D00EC235B /* CreateNewPost.swift */ = {isa = PBXFileReference; lastKnownFileType = sourcecode.swift; path = CreateNewPost.swift; sourceTree = "<group>"; };
		BB62EB742DE6287E00EC235B /* Post.swift */ = {isa = PBXFileReference; lastKnownFileType = sourcecode.swift; path = Post.swift; sourceTree = "<group>"; };
		BB62EB762DE6461D00EC235B /* PostsView.swift */ = {isa = PBXFileReference; lastKnownFileType = sourcecode.swift; path = PostsView.swift; sourceTree = "<group>"; };
		BB9C869D2DE2EBAD00CAA51A /* LoadingView.swift */ = {isa = PBXFileReference; lastKnownFileType = sourcecode.swift; path = LoadingView.swift; sourceTree = "<group>"; };
		BBC20E182DE0EE6400781D93 /* Tagged.app */ = {isa = PBXFileReference; explicitFileType = wrapper.application; includeInIndex = 0; path = Tagged.app; sourceTree = BUILT_PRODUCTS_DIR; };
		BBC20E1B2DE0EE6400781D93 /* TaggedApp.swift */ = {isa = PBXFileReference; lastKnownFileType = sourcecode.swift; path = TaggedApp.swift; sourceTree = "<group>"; };
		BBC20E1D2DE0EE6400781D93 /* ContentView.swift */ = {isa = PBXFileReference; lastKnownFileType = sourcecode.swift; path = ContentView.swift; sourceTree = "<group>"; };
		BBC20E1F2DE0EE6A00781D93 /* Assets.xcassets */ = {isa = PBXFileReference; lastKnownFileType = folder.assetcatalog; path = Assets.xcassets; sourceTree = "<group>"; };
		BBC20E222DE0EE6A00781D93 /* Preview Assets.xcassets */ = {isa = PBXFileReference; lastKnownFileType = folder.assetcatalog; path = "Preview Assets.xcassets"; sourceTree = "<group>"; };
		BBC20E282DE0EE6B00781D93 /* TaggedTests.xctest */ = {isa = PBXFileReference; explicitFileType = wrapper.cfbundle; includeInIndex = 0; path = TaggedTests.xctest; sourceTree = BUILT_PRODUCTS_DIR; };
		BBC20E2C2DE0EE6B00781D93 /* TaggedTests.swift */ = {isa = PBXFileReference; lastKnownFileType = sourcecode.swift; path = TaggedTests.swift; sourceTree = "<group>"; };
		BBC20E322DE0EE6B00781D93 /* TaggedUITests.xctest */ = {isa = PBXFileReference; explicitFileType = wrapper.cfbundle; includeInIndex = 0; path = TaggedUITests.xctest; sourceTree = BUILT_PRODUCTS_DIR; };
		BBC20E362DE0EE6B00781D93 /* TaggedUITests.swift */ = {isa = PBXFileReference; lastKnownFileType = sourcecode.swift; path = TaggedUITests.swift; sourceTree = "<group>"; };
		BBC20E382DE0EE6B00781D93 /* TaggedUITestsLaunchTests.swift */ = {isa = PBXFileReference; lastKnownFileType = sourcecode.swift; path = TaggedUITestsLaunchTests.swift; sourceTree = "<group>"; };
		BBC20E452DE0EF6D00781D93 /* GoogleService-Info.plist */ = {isa = PBXFileReference; fileEncoding = 4; lastKnownFileType = text.plist.xml; path = "GoogleService-Info.plist"; sourceTree = "<group>"; };
		BBCD1C112DE26CF7001588EA /* FirebaseFix.xcconfig */ = {isa = PBXFileReference; lastKnownFileType = text.xcconfig; path = FirebaseFix.xcconfig; sourceTree = "<group>"; };
		BBCD1C1B2DE29870001588EA /* User.swift */ = {isa = PBXFileReference; lastKnownFileType = sourcecode.swift; path = User.swift; sourceTree = "<group>"; };
		BBD781382DE1687C000A539C /* WelcomeView.swift */ = {isa = PBXFileReference; lastKnownFileType = sourcecode.swift; path = WelcomeView.swift; sourceTree = "<group>"; };
		BBE4B07C2DE1739D00A6AAE2 /* LoginView.swift */ = {isa = PBXFileReference; lastKnownFileType = sourcecode.swift; path = LoginView.swift; sourceTree = "<group>"; };
		BBE4B0802DE1807300A6AAE2 /* ImagePicker.swift */ = {isa = PBXFileReference; lastKnownFileType = sourcecode.swift; path = ImagePicker.swift; sourceTree = "<group>"; };
/* End PBXFileReference section */

/* Begin PBXFrameworksBuildPhase section */
		BBC20E152DE0EE6400781D93 /* Frameworks */ = {
			isa = PBXFrameworksBuildPhase;
			buildActionMask = 2147483647;
			files = (
				BB49E8272DE591830015BBDA /* SDWebImageSwiftUI in Frameworks */,
				BBCD1C142DE26F8C001588EA /* FirebaseAuth in Frameworks */,
				BBCD1C1A2DE2955F001588EA /* FirebaseStorage in Frameworks */,
				BBCD1C162DE29548001588EA /* FirebaseFirestore in Frameworks */,
				BBCD1C182DE29548001588EA /* FirebaseFirestoreSwift in Frameworks */,
			);
			runOnlyForDeploymentPostprocessing = 0;
		};
		BBC20E252DE0EE6B00781D93 /* Frameworks */ = {
			isa = PBXFrameworksBuildPhase;
			buildActionMask = 2147483647;
			files = (
			);
			runOnlyForDeploymentPostprocessing = 0;
		};
		BBC20E2F2DE0EE6B00781D93 /* Frameworks */ = {
			isa = PBXFrameworksBuildPhase;
			buildActionMask = 2147483647;
			files = (
			);
			runOnlyForDeploymentPostprocessing = 0;
		};
/* End PBXFrameworksBuildPhase section */

/* Begin PBXGroup section */
		BB49E8192DE509300015BBDA /* Welcome */ = {
			isa = PBXGroup;
			children = (
				BB49E81A2DE50A1D0015BBDA /* RegisterView.swift */,
				BBD781382DE1687C000A539C /* WelcomeView.swift */,
				BBE4B07C2DE1739D00A6AAE2 /* LoginView.swift */,
				BBE4B0802DE1807300A6AAE2 /* ImagePicker.swift */,
			);
			path = Welcome;
			sourceTree = "<group>";
		};
		BB49E81C2DE50A4C0015BBDA /* Main */ = {
			isa = PBXGroup;
			children = (
				BB49E81D2DE50A5B0015BBDA /* MainView.swift */,
				BB49E81F2DE5342C0015BBDA /* ProfileView.swift */,
				BB49E8212DE537310015BBDA /* HeaderView.swift */,
				BB49E8232DE58F400015BBDA /* ReusableProfileContent.swift */,
				BB62EB722DE6286D00EC235B /* CreateNewPost.swift */,
				BB62EB762DE6461D00EC235B /* PostsView.swift */,
			);
			path = Main;
			sourceTree = "<group>";
		};
		BBA18A5E2DE245820022ED8A /* Frameworks */ = {
			isa = PBXGroup;
			children = (
			);
			name = Frameworks;
			sourceTree = "<group>";
		};
		BBC20E0F2DE0EE6300781D93 = {
			isa = PBXGroup;
			children = (
				BBCD1C112DE26CF7001588EA /* FirebaseFix.xcconfig */,
				BBC20E1A2DE0EE6400781D93 /* Tagged */,
				BBC20E2B2DE0EE6B00781D93 /* TaggedTests */,
				BBC20E352DE0EE6B00781D93 /* TaggedUITests */,
				BBC20E192DE0EE6400781D93 /* Products */,
				BBA18A5E2DE245820022ED8A /* Frameworks */,
			);
			sourceTree = "<group>";
		};
		BBC20E192DE0EE6400781D93 /* Products */ = {
			isa = PBXGroup;
			children = (
				BBC20E182DE0EE6400781D93 /* Tagged.app */,
				BBC20E282DE0EE6B00781D93 /* TaggedTests.xctest */,
				BBC20E322DE0EE6B00781D93 /* TaggedUITests.xctest */,
			);
			name = Products;
			sourceTree = "<group>";
		};
		BBC20E1A2DE0EE6400781D93 /* Tagged */ = {
			isa = PBXGroup;
			children = (
				BBD781332DE1676E000A539C /* Model */,
				BBD781322DE16762000A539C /* View */,
				BBC20E452DE0EF6D00781D93 /* GoogleService-Info.plist */,
				BBC20E1B2DE0EE6400781D93 /* TaggedApp.swift */,
				BBC20E1D2DE0EE6400781D93 /* ContentView.swift */,
				BBC20E1F2DE0EE6A00781D93 /* Assets.xcassets */,
				BBC20E212DE0EE6A00781D93 /* Preview Content */,
			);
			path = Tagged;
			sourceTree = "<group>";
		};
		BBC20E212DE0EE6A00781D93 /* Preview Content */ = {
			isa = PBXGroup;
			children = (
				BBC20E222DE0EE6A00781D93 /* Preview Assets.xcassets */,
			);
			path = "Preview Content";
			sourceTree = "<group>";
		};
		BBC20E2B2DE0EE6B00781D93 /* TaggedTests */ = {
			isa = PBXGroup;
			children = (
				BBC20E2C2DE0EE6B00781D93 /* TaggedTests.swift */,
			);
			path = TaggedTests;
			sourceTree = "<group>";
		};
		BBC20E352DE0EE6B00781D93 /* TaggedUITests */ = {
			isa = PBXGroup;
			children = (
				BBC20E362DE0EE6B00781D93 /* TaggedUITests.swift */,
				BBC20E382DE0EE6B00781D93 /* TaggedUITestsLaunchTests.swift */,
			);
			path = TaggedUITests;
			sourceTree = "<group>";
		};
		BBD781322DE16762000A539C /* View */ = {
			isa = PBXGroup;
			children = (
				BB49E81C2DE50A4C0015BBDA /* Main */,
				BB9C869D2DE2EBAD00CAA51A /* LoadingView.swift */,
				BB49E8192DE509300015BBDA /* Welcome */,
			);
			path = View;
			sourceTree = "<group>";
		};
		BBD781332DE1676E000A539C /* Model */ = {
			isa = PBXGroup;
			children = (
				BBCD1C1B2DE29870001588EA /* User.swift */,
				BB62EB742DE6287E00EC235B /* Post.swift */,
			);
			path = Model;
			sourceTree = "<group>";
		};
/* End PBXGroup section */

/* Begin PBXNativeTarget section */
		BBC20E172DE0EE6400781D93 /* Tagged */ = {
			isa = PBXNativeTarget;
			buildConfigurationList = BBC20E3C2DE0EE6B00781D93 /* Build configuration list for PBXNativeTarget "Tagged" */;
			buildPhases = (
				BBC20E142DE0EE6400781D93 /* Sources */,
				BBC20E152DE0EE6400781D93 /* Frameworks */,
				BBC20E162DE0EE6400781D93 /* Resources */,
			);
			buildRules = (
			);
			dependencies = (
			);
			name = Tagged;
			packageProductDependencies = (
				BBCD1C132DE26F8C001588EA /* FirebaseAuth */,
				BBCD1C152DE29548001588EA /* FirebaseFirestore */,
				BBCD1C172DE29548001588EA /* FirebaseFirestoreSwift */,
				BBCD1C192DE2955F001588EA /* FirebaseStorage */,
				BB49E8262DE591830015BBDA /* SDWebImageSwiftUI */,
			);
			productName = Tagged;
			productReference = BBC20E182DE0EE6400781D93 /* Tagged.app */;
			productType = "com.apple.product-type.application";
		};
		BBC20E272DE0EE6B00781D93 /* TaggedTests */ = {
			isa = PBXNativeTarget;
			buildConfigurationList = BBC20E3F2DE0EE6B00781D93 /* Build configuration list for PBXNativeTarget "TaggedTests" */;
			buildPhases = (
				BBC20E242DE0EE6B00781D93 /* Sources */,
				BBC20E252DE0EE6B00781D93 /* Frameworks */,
				BBC20E262DE0EE6B00781D93 /* Resources */,
			);
			buildRules = (
			);
			dependencies = (
				BBC20E2A2DE0EE6B00781D93 /* PBXTargetDependency */,
			);
			name = TaggedTests;
			productName = TaggedTests;
			productReference = BBC20E282DE0EE6B00781D93 /* TaggedTests.xctest */;
			productType = "com.apple.product-type.bundle.unit-test";
		};
		BBC20E312DE0EE6B00781D93 /* TaggedUITests */ = {
			isa = PBXNativeTarget;
			buildConfigurationList = BBC20E422DE0EE6B00781D93 /* Build configuration list for PBXNativeTarget "TaggedUITests" */;
			buildPhases = (
				BBC20E2E2DE0EE6B00781D93 /* Sources */,
				BBC20E2F2DE0EE6B00781D93 /* Frameworks */,
				BBC20E302DE0EE6B00781D93 /* Resources */,
			);
			buildRules = (
			);
			dependencies = (
				BBC20E342DE0EE6B00781D93 /* PBXTargetDependency */,
			);
			name = TaggedUITests;
			productName = TaggedUITests;
			productReference = BBC20E322DE0EE6B00781D93 /* TaggedUITests.xctest */;
			productType = "com.apple.product-type.bundle.ui-testing";
		};
/* End PBXNativeTarget section */

/* Begin PBXProject section */
		BBC20E102DE0EE6300781D93 /* Project object */ = {
			isa = PBXProject;
			attributes = {
				BuildIndependentTargetsInParallel = 1;
				LastSwiftUpdateCheck = 1540;
				LastUpgradeCheck = 1540;
				TargetAttributes = {
					BBC20E172DE0EE6400781D93 = {
						CreatedOnToolsVersion = 15.4;
					};
					BBC20E272DE0EE6B00781D93 = {
						CreatedOnToolsVersion = 15.4;
						TestTargetID = BBC20E172DE0EE6400781D93;
					};
					BBC20E312DE0EE6B00781D93 = {
						CreatedOnToolsVersion = 15.4;
						TestTargetID = BBC20E172DE0EE6400781D93;
					};
				};
			};
			buildConfigurationList = BBC20E132DE0EE6400781D93 /* Build configuration list for PBXProject "Tagged" */;
			compatibilityVersion = "Xcode 14.0";
			developmentRegion = en;
			hasScannedForEncodings = 0;
			knownRegions = (
				en,
				Base,
			);
			mainGroup = BBC20E0F2DE0EE6300781D93;
			packageReferences = (
				BBCD1C122DE26F8C001588EA /* XCRemoteSwiftPackageReference "firebase-ios-sdk" */,
				BB49E8252DE591560015BBDA /* XCRemoteSwiftPackageReference "SDWebImageSwiftUI" */,
			);
			productRefGroup = BBC20E192DE0EE6400781D93 /* Products */;
			projectDirPath = "";
			projectRoot = "";
			targets = (
				BBC20E172DE0EE6400781D93 /* Tagged */,
				BBC20E272DE0EE6B00781D93 /* TaggedTests */,
				BBC20E312DE0EE6B00781D93 /* TaggedUITests */,
			);
		};
/* End PBXProject section */

/* Begin PBXResourcesBuildPhase section */
		BBC20E162DE0EE6400781D93 /* Resources */ = {
			isa = PBXResourcesBuildPhase;
			buildActionMask = 2147483647;
			files = (
				BBC20E232DE0EE6A00781D93 /* Preview Assets.xcassets in Resources */,
				BBC20E202DE0EE6A00781D93 /* Assets.xcassets in Resources */,
				BBC20E462DE0EF6D00781D93 /* GoogleService-Info.plist in Resources */,
			);
			runOnlyForDeploymentPostprocessing = 0;
		};
		BBC20E262DE0EE6B00781D93 /* Resources */ = {
			isa = PBXResourcesBuildPhase;
			buildActionMask = 2147483647;
			files = (
			);
			runOnlyForDeploymentPostprocessing = 0;
		};
		BBC20E302DE0EE6B00781D93 /* Resources */ = {
			isa = PBXResourcesBuildPhase;
			buildActionMask = 2147483647;
			files = (
			);
			runOnlyForDeploymentPostprocessing = 0;
		};
/* End PBXResourcesBuildPhase section */

/* Begin PBXSourcesBuildPhase section */
		BBC20E142DE0EE6400781D93 /* Sources */ = {
			isa = PBXSourcesBuildPhase;
			buildActionMask = 2147483647;
			files = (
				BBC20E1E2DE0EE6400781D93 /* ContentView.swift in Sources */,
				BB49E81E2DE50A5B0015BBDA /* MainView.swift in Sources */,
				BB49E8202DE5342D0015BBDA /* ProfileView.swift in Sources */,
				BBD781392DE1687C000A539C /* WelcomeView.swift in Sources */,
				BB62EB732DE6286D00EC235B /* CreateNewPost.swift in Sources */,
				BB62EB752DE6287E00EC235B /* Post.swift in Sources */,
				BBE4B0812DE1807400A6AAE2 /* ImagePicker.swift in Sources */,
				BBE4B07D2DE1739D00A6AAE2 /* LoginView.swift in Sources */,
				BB62EB772DE6461E00EC235B /* PostsView.swift in Sources */,
				BB9C869E2DE2EBAD00CAA51A /* LoadingView.swift in Sources */,
				BB49E8222DE537320015BBDA /* HeaderView.swift in Sources */,
				BB49E81B2DE50A1D0015BBDA /* RegisterView.swift in Sources */,
				BBC20E1C2DE0EE6400781D93 /* TaggedApp.swift in Sources */,
				BB49E8242DE58F420015BBDA /* ReusableProfileContent.swift in Sources */,
				BBCD1C1C2DE29870001588EA /* User.swift in Sources */,
			);
			runOnlyForDeploymentPostprocessing = 0;
		};
		BBC20E242DE0EE6B00781D93 /* Sources */ = {
			isa = PBXSourcesBuildPhase;
			buildActionMask = 2147483647;
			files = (
				BBC20E2D2DE0EE6B00781D93 /* TaggedTests.swift in Sources */,
			);
			runOnlyForDeploymentPostprocessing = 0;
		};
		BBC20E2E2DE0EE6B00781D93 /* Sources */ = {
			isa = PBXSourcesBuildPhase;
			buildActionMask = 2147483647;
			files = (
				BBC20E392DE0EE6B00781D93 /* TaggedUITestsLaunchTests.swift in Sources */,
				BBC20E372DE0EE6B00781D93 /* TaggedUITests.swift in Sources */,
			);
			runOnlyForDeploymentPostprocessing = 0;
		};
/* End PBXSourcesBuildPhase section */

/* Begin PBXTargetDependency section */
		BBC20E2A2DE0EE6B00781D93 /* PBXTargetDependency */ = {
			isa = PBXTargetDependency;
			target = BBC20E172DE0EE6400781D93 /* Tagged */;
			targetProxy = BBC20E292DE0EE6B00781D93 /* PBXContainerItemProxy */;
		};
		BBC20E342DE0EE6B00781D93 /* PBXTargetDependency */ = {
			isa = PBXTargetDependency;
			target = BBC20E172DE0EE6400781D93 /* Tagged */;
			targetProxy = BBC20E332DE0EE6B00781D93 /* PBXContainerItemProxy */;
		};
/* End PBXTargetDependency section */

/* Begin XCBuildConfiguration section */
		BBC20E3A2DE0EE6B00781D93 /* Debug */ = {
			isa = XCBuildConfiguration;
			baseConfigurationReference = BBCD1C112DE26CF7001588EA /* FirebaseFix.xcconfig */;
			buildSettings = {
				ALWAYS_SEARCH_USER_PATHS = NO;
				ASSETCATALOG_COMPILER_GENERATE_SWIFT_ASSET_SYMBOL_EXTENSIONS = YES;
				CLANG_ANALYZER_NONNULL = YES;
				CLANG_ANALYZER_NUMBER_OBJECT_CONVERSION = YES_AGGRESSIVE;
				CLANG_CXX_LANGUAGE_STANDARD = "gnu++20";
				CLANG_ENABLE_MODULES = YES;
				CLANG_ENABLE_OBJC_ARC = YES;
				CLANG_ENABLE_OBJC_WEAK = YES;
				CLANG_WARN_BLOCK_CAPTURE_AUTORELEASING = YES;
				CLANG_WARN_BOOL_CONVERSION = YES;
				CLANG_WARN_COMMA = YES;
				CLANG_WARN_CONSTANT_CONVERSION = YES;
				CLANG_WARN_DEPRECATED_OBJC_IMPLEMENTATIONS = YES;
				CLANG_WARN_DIRECT_OBJC_ISA_USAGE = YES_ERROR;
				CLANG_WARN_DOCUMENTATION_COMMENTS = YES;
				CLANG_WARN_EMPTY_BODY = YES;
				CLANG_WARN_ENUM_CONVERSION = YES;
				CLANG_WARN_INFINITE_RECURSION = YES;
				CLANG_WARN_INT_CONVERSION = YES;
				CLANG_WARN_NON_LITERAL_NULL_CONVERSION = YES;
				CLANG_WARN_OBJC_IMPLICIT_RETAIN_SELF = YES;
				CLANG_WARN_OBJC_LITERAL_CONVERSION = YES;
				CLANG_WARN_OBJC_ROOT_CLASS = YES_ERROR;
				CLANG_WARN_QUOTED_INCLUDE_IN_FRAMEWORK_HEADER = YES;
				CLANG_WARN_RANGE_LOOP_ANALYSIS = YES;
				CLANG_WARN_STRICT_PROTOTYPES = YES;
				CLANG_WARN_SUSPICIOUS_MOVE = YES;
				CLANG_WARN_UNGUARDED_AVAILABILITY = YES_AGGRESSIVE;
				CLANG_WARN_UNREACHABLE_CODE = YES;
				CLANG_WARN__DUPLICATE_METHOD_MATCH = YES;
				COPY_PHASE_STRIP = NO;
				DEBUG_INFORMATION_FORMAT = dwarf;
				ENABLE_STRICT_OBJC_MSGSEND = YES;
				ENABLE_TESTABILITY = YES;
				ENABLE_USER_SCRIPT_SANDBOXING = YES;
				GCC_C_LANGUAGE_STANDARD = gnu17;
				GCC_DYNAMIC_NO_PIC = NO;
				GCC_NO_COMMON_BLOCKS = YES;
				GCC_OPTIMIZATION_LEVEL = 0;
				GCC_PREPROCESSOR_DEFINITIONS = (
					"DEBUG=1",
					"$(inherited)",
				);
				GCC_WARN_64_TO_32_BIT_CONVERSION = YES;
				GCC_WARN_ABOUT_RETURN_TYPE = YES_ERROR;
				GCC_WARN_UNDECLARED_SELECTOR = YES;
				GCC_WARN_UNINITIALIZED_AUTOS = YES_AGGRESSIVE;
				GCC_WARN_UNUSED_FUNCTION = YES;
				GCC_WARN_UNUSED_VARIABLE = YES;
				IPHONEOS_DEPLOYMENT_TARGET = 17.5;
				LOCALIZATION_PREFERS_STRING_CATALOGS = YES;
				MTL_ENABLE_DEBUG_INFO = INCLUDE_SOURCE;
				MTL_FAST_MATH = YES;
				ONLY_ACTIVE_ARCH = YES;
				"OTHER_SWIFT_FLAGS[arch=*]" = "-enable-experimental-feature AccessLevelOnImport";
				SDKROOT = iphoneos;
				SWIFT_ACTIVE_COMPILATION_CONDITIONS = "DEBUG $(inherited)";
				SWIFT_OPTIMIZATION_LEVEL = "-Onone";
			};
			name = Debug;
		};
		BBC20E3B2DE0EE6B00781D93 /* Release */ = {
			isa = XCBuildConfiguration;
			buildSettings = {
				ALWAYS_SEARCH_USER_PATHS = NO;
				ASSETCATALOG_COMPILER_GENERATE_SWIFT_ASSET_SYMBOL_EXTENSIONS = YES;
				CLANG_ANALYZER_NONNULL = YES;
				CLANG_ANALYZER_NUMBER_OBJECT_CONVERSION = YES_AGGRESSIVE;
				CLANG_CXX_LANGUAGE_STANDARD = "gnu++20";
				CLANG_ENABLE_MODULES = YES;
				CLANG_ENABLE_OBJC_ARC = YES;
				CLANG_ENABLE_OBJC_WEAK = YES;
				CLANG_WARN_BLOCK_CAPTURE_AUTORELEASING = YES;
				CLANG_WARN_BOOL_CONVERSION = YES;
				CLANG_WARN_COMMA = YES;
				CLANG_WARN_CONSTANT_CONVERSION = YES;
				CLANG_WARN_DEPRECATED_OBJC_IMPLEMENTATIONS = YES;
				CLANG_WARN_DIRECT_OBJC_ISA_USAGE = YES_ERROR;
				CLANG_WARN_DOCUMENTATION_COMMENTS = YES;
				CLANG_WARN_EMPTY_BODY = YES;
				CLANG_WARN_ENUM_CONVERSION = YES;
				CLANG_WARN_INFINITE_RECURSION = YES;
				CLANG_WARN_INT_CONVERSION = YES;
				CLANG_WARN_NON_LITERAL_NULL_CONVERSION = YES;
				CLANG_WARN_OBJC_IMPLICIT_RETAIN_SELF = YES;
				CLANG_WARN_OBJC_LITERAL_CONVERSION = YES;
				CLANG_WARN_OBJC_ROOT_CLASS = YES_ERROR;
				CLANG_WARN_QUOTED_INCLUDE_IN_FRAMEWORK_HEADER = YES;
				CLANG_WARN_RANGE_LOOP_ANALYSIS = YES;
				CLANG_WARN_STRICT_PROTOTYPES = YES;
				CLANG_WARN_SUSPICIOUS_MOVE = YES;
				CLANG_WARN_UNGUARDED_AVAILABILITY = YES_AGGRESSIVE;
				CLANG_WARN_UNREACHABLE_CODE = YES;
				CLANG_WARN__DUPLICATE_METHOD_MATCH = YES;
				COPY_PHASE_STRIP = NO;
				DEBUG_INFORMATION_FORMAT = "dwarf-with-dsym";
				ENABLE_NS_ASSERTIONS = NO;
				ENABLE_STRICT_OBJC_MSGSEND = YES;
				ENABLE_USER_SCRIPT_SANDBOXING = YES;
				GCC_C_LANGUAGE_STANDARD = gnu17;
				GCC_NO_COMMON_BLOCKS = YES;
				GCC_WARN_64_TO_32_BIT_CONVERSION = YES;
				GCC_WARN_ABOUT_RETURN_TYPE = YES_ERROR;
				GCC_WARN_UNDECLARED_SELECTOR = YES;
				GCC_WARN_UNINITIALIZED_AUTOS = YES_AGGRESSIVE;
				GCC_WARN_UNUSED_FUNCTION = YES;
				GCC_WARN_UNUSED_VARIABLE = YES;
				IPHONEOS_DEPLOYMENT_TARGET = 17.5;
				LOCALIZATION_PREFERS_STRING_CATALOGS = YES;
				MTL_ENABLE_DEBUG_INFO = NO;
				MTL_FAST_MATH = YES;
				"OTHER_SWIFT_FLAGS[arch=*]" = "-enable-experimental-feature AccessLevelOnImport";
				SDKROOT = iphoneos;
				SWIFT_COMPILATION_MODE = wholemodule;
				VALIDATE_PRODUCT = YES;
			};
			name = Release;
		};
		BBC20E3D2DE0EE6B00781D93 /* Debug */ = {
			isa = XCBuildConfiguration;
			baseConfigurationReference = BBCD1C112DE26CF7001588EA /* FirebaseFix.xcconfig */;
			buildSettings = {
				ASSETCATALOG_COMPILER_APPICON_NAME = AppIcon;
				ASSETCATALOG_COMPILER_GLOBAL_ACCENT_COLOR_NAME = AccentColor;
				CODE_SIGN_STYLE = Automatic;
				CURRENT_PROJECT_VERSION = 1;
				DEVELOPMENT_ASSET_PATHS = "\"Tagged/Preview Content\"";
				DEVELOPMENT_TEAM = S9J4UKB565;
				ENABLE_PREVIEWS = YES;
				GENERATE_INFOPLIST_FILE = YES;
				INFOPLIST_KEY_UIApplicationSceneManifest_Generation = YES;
				INFOPLIST_KEY_UIApplicationSupportsIndirectInputEvents = YES;
				INFOPLIST_KEY_UILaunchScreen_Generation = YES;
				INFOPLIST_KEY_UISupportedInterfaceOrientations_iPad = "UIInterfaceOrientationPortrait UIInterfaceOrientationPortraitUpsideDown UIInterfaceOrientationLandscapeLeft UIInterfaceOrientationLandscapeRight";
				INFOPLIST_KEY_UISupportedInterfaceOrientations_iPhone = "UIInterfaceOrientationPortrait UIInterfaceOrientationLandscapeLeft UIInterfaceOrientationLandscapeRight";
				LD_RUNPATH_SEARCH_PATHS = (
					"$(inherited)",
					"@executable_path/Frameworks",
				);
				MARKETING_VERSION = 1.0;
				"OTHER_SWIFT_FLAGS[arch=*]" = "-enable-experimental-feature AccessLevelOnImport";
				PRODUCT_BUNDLE_IDENTIFIER = Tagged.Tagged;
				PRODUCT_NAME = "$(TARGET_NAME)";
				SWIFT_EMIT_LOC_STRINGS = YES;
				SWIFT_VERSION = 5.0;
				TARGETED_DEVICE_FAMILY = "1,2";
			};
			name = Debug;
		};
		BBC20E3E2DE0EE6B00781D93 /* Release */ = {
			isa = XCBuildConfiguration;
			buildSettings = {
				ASSETCATALOG_COMPILER_APPICON_NAME = AppIcon;
				ASSETCATALOG_COMPILER_GLOBAL_ACCENT_COLOR_NAME = AccentColor;
				CODE_SIGN_STYLE = Automatic;
				CURRENT_PROJECT_VERSION = 1;
				DEVELOPMENT_ASSET_PATHS = "\"Tagged/Preview Content\"";
				DEVELOPMENT_TEAM = S9J4UKB565;
				ENABLE_PREVIEWS = YES;
				GENERATE_INFOPLIST_FILE = YES;
				INFOPLIST_KEY_UIApplicationSceneManifest_Generation = YES;
				INFOPLIST_KEY_UIApplicationSupportsIndirectInputEvents = YES;
				INFOPLIST_KEY_UILaunchScreen_Generation = YES;
				INFOPLIST_KEY_UISupportedInterfaceOrientations_iPad = "UIInterfaceOrientationPortrait UIInterfaceOrientationPortraitUpsideDown UIInterfaceOrientationLandscapeLeft UIInterfaceOrientationLandscapeRight";
				INFOPLIST_KEY_UISupportedInterfaceOrientations_iPhone = "UIInterfaceOrientationPortrait UIInterfaceOrientationLandscapeLeft UIInterfaceOrientationLandscapeRight";
				LD_RUNPATH_SEARCH_PATHS = (
					"$(inherited)",
					"@executable_path/Frameworks",
				);
				MARKETING_VERSION = 1.0;
				MTL_ENABLE_DEBUG_INFO = "";
				"OTHER_SWIFT_FLAGS[arch=*]" = "-enable-experimental-feature AccessLevelOnImport";
				PRODUCT_BUNDLE_IDENTIFIER = Tagged.Tagged;
				PRODUCT_NAME = "$(TARGET_NAME)";
				SWIFT_EMIT_LOC_STRINGS = YES;
				SWIFT_VERSION = 5.0;
				TARGETED_DEVICE_FAMILY = "1,2";
			};
			name = Release;
		};
		BBC20E402DE0EE6B00781D93 /* Debug */ = {
			isa = XCBuildConfiguration;
			buildSettings = {
				ALWAYS_EMBED_SWIFT_STANDARD_LIBRARIES = YES;
				BUNDLE_LOADER = "$(TEST_HOST)";
				CODE_SIGN_STYLE = Automatic;
				CURRENT_PROJECT_VERSION = 1;
				DEVELOPMENT_TEAM = S9J4UKB565;
				GENERATE_INFOPLIST_FILE = YES;
				IPHONEOS_DEPLOYMENT_TARGET = 17.5;
				MARKETING_VERSION = 1.0;
				PRODUCT_BUNDLE_IDENTIFIER = Tagged.TaggedTests;
				PRODUCT_NAME = "$(TARGET_NAME)";
				SWIFT_EMIT_LOC_STRINGS = NO;
				SWIFT_VERSION = 5.0;
				TARGETED_DEVICE_FAMILY = "1,2";
				TEST_HOST = "$(BUILT_PRODUCTS_DIR)/Tagged.app/$(BUNDLE_EXECUTABLE_FOLDER_PATH)/Tagged";
			};
			name = Debug;
		};
		BBC20E412DE0EE6B00781D93 /* Release */ = {
			isa = XCBuildConfiguration;
			buildSettings = {
				ALWAYS_EMBED_SWIFT_STANDARD_LIBRARIES = YES;
				BUNDLE_LOADER = "$(TEST_HOST)";
				CODE_SIGN_STYLE = Automatic;
				CURRENT_PROJECT_VERSION = 1;
				DEVELOPMENT_TEAM = S9J4UKB565;
				GENERATE_INFOPLIST_FILE = YES;
				IPHONEOS_DEPLOYMENT_TARGET = 17.5;
				MARKETING_VERSION = 1.0;
				PRODUCT_BUNDLE_IDENTIFIER = Tagged.TaggedTests;
				PRODUCT_NAME = "$(TARGET_NAME)";
				SWIFT_EMIT_LOC_STRINGS = NO;
				SWIFT_VERSION = 5.0;
				TARGETED_DEVICE_FAMILY = "1,2";
				TEST_HOST = "$(BUILT_PRODUCTS_DIR)/Tagged.app/$(BUNDLE_EXECUTABLE_FOLDER_PATH)/Tagged";
			};
			name = Release;
		};
		BBC20E432DE0EE6B00781D93 /* Debug */ = {
			isa = XCBuildConfiguration;
			buildSettings = {
				ALWAYS_EMBED_SWIFT_STANDARD_LIBRARIES = YES;
				CODE_SIGN_STYLE = Automatic;
				CURRENT_PROJECT_VERSION = 1;
				DEVELOPMENT_TEAM = S9J4UKB565;
				GENERATE_INFOPLIST_FILE = YES;
				MARKETING_VERSION = 1.0;
				PRODUCT_BUNDLE_IDENTIFIER = Tagged.TaggedUITests;
				PRODUCT_NAME = "$(TARGET_NAME)";
				SWIFT_EMIT_LOC_STRINGS = NO;
				SWIFT_VERSION = 5.0;
				TARGETED_DEVICE_FAMILY = "1,2";
				TEST_TARGET_NAME = Tagged;
			};
			name = Debug;
		};
		BBC20E442DE0EE6B00781D93 /* Release */ = {
			isa = XCBuildConfiguration;
			buildSettings = {
				ALWAYS_EMBED_SWIFT_STANDARD_LIBRARIES = YES;
				CODE_SIGN_STYLE = Automatic;
				CURRENT_PROJECT_VERSION = 1;
				DEVELOPMENT_TEAM = S9J4UKB565;
				GENERATE_INFOPLIST_FILE = YES;
				MARKETING_VERSION = 1.0;
				PRODUCT_BUNDLE_IDENTIFIER = Tagged.TaggedUITests;
				PRODUCT_NAME = "$(TARGET_NAME)";
				SWIFT_EMIT_LOC_STRINGS = NO;
				SWIFT_VERSION = 5.0;
				TARGETED_DEVICE_FAMILY = "1,2";
				TEST_TARGET_NAME = Tagged;
			};
			name = Release;
		};
/* End XCBuildConfiguration section */

/* Begin XCConfigurationList section */
		BBC20E132DE0EE6400781D93 /* Build configuration list for PBXProject "Tagged" */ = {
			isa = XCConfigurationList;
			buildConfigurations = (
				BBC20E3A2DE0EE6B00781D93 /* Debug */,
				BBC20E3B2DE0EE6B00781D93 /* Release */,
			);
			defaultConfigurationIsVisible = 0;
			defaultConfigurationName = Release;
		};
		BBC20E3C2DE0EE6B00781D93 /* Build configuration list for PBXNativeTarget "Tagged" */ = {
			isa = XCConfigurationList;
			buildConfigurations = (
				BBC20E3D2DE0EE6B00781D93 /* Debug */,
				BBC20E3E2DE0EE6B00781D93 /* Release */,
			);
			defaultConfigurationIsVisible = 0;
			defaultConfigurationName = Release;
		};
		BBC20E3F2DE0EE6B00781D93 /* Build configuration list for PBXNativeTarget "TaggedTests" */ = {
			isa = XCConfigurationList;
			buildConfigurations = (
				BBC20E402DE0EE6B00781D93 /* Debug */,
				BBC20E412DE0EE6B00781D93 /* Release */,
			);
			defaultConfigurationIsVisible = 0;
			defaultConfigurationName = Release;
		};
		BBC20E422DE0EE6B00781D93 /* Build configuration list for PBXNativeTarget "TaggedUITests" */ = {
			isa = XCConfigurationList;
			buildConfigurations = (
				BBC20E432DE0EE6B00781D93 /* Debug */,
				BBC20E442DE0EE6B00781D93 /* Release */,
			);
			defaultConfigurationIsVisible = 0;
			defaultConfigurationName = Release;
		};
/* End XCConfigurationList section */

/* Begin XCRemoteSwiftPackageReference section */
		BB49E8252DE591560015BBDA /* XCRemoteSwiftPackageReference "SDWebImageSwiftUI" */ = {
			isa = XCRemoteSwiftPackageReference;
			repositoryURL = "https://github.com/SDWebImage/SDWebImageSwiftUI";
			requirement = {
				kind = upToNextMajorVersion;
				minimumVersion = 3.1.3;
			};
		};
		BBCD1C122DE26F8C001588EA /* XCRemoteSwiftPackageReference "firebase-ios-sdk" */ = {
			isa = XCRemoteSwiftPackageReference;
			repositoryURL = "https://github.com/firebase/firebase-ios-sdk";
			requirement = {
				kind = exactVersion;
				version = 10.15.0;
			};
		};
/* End XCRemoteSwiftPackageReference section */

/* Begin XCSwiftPackageProductDependency section */
		BB49E8262DE591830015BBDA /* SDWebImageSwiftUI */ = {
			isa = XCSwiftPackageProductDependency;
			package = BB49E8252DE591560015BBDA /* XCRemoteSwiftPackageReference "SDWebImageSwiftUI" */;
			productName = SDWebImageSwiftUI;
		};
		BBCD1C132DE26F8C001588EA /* FirebaseAuth */ = {
			isa = XCSwiftPackageProductDependency;
			package = BBCD1C122DE26F8C001588EA /* XCRemoteSwiftPackageReference "firebase-ios-sdk" */;
			productName = FirebaseAuth;
		};
		BBCD1C152DE29548001588EA /* FirebaseFirestore */ = {
			isa = XCSwiftPackageProductDependency;
			package = BBCD1C122DE26F8C001588EA /* XCRemoteSwiftPackageReference "firebase-ios-sdk" */;
			productName = FirebaseFirestore;
		};
		BBCD1C172DE29548001588EA /* FirebaseFirestoreSwift */ = {
			isa = XCSwiftPackageProductDependency;
			package = BBCD1C122DE26F8C001588EA /* XCRemoteSwiftPackageReference "firebase-ios-sdk" */;
			productName = FirebaseFirestoreSwift;
		};
		BBCD1C192DE2955F001588EA /* FirebaseStorage */ = {
			isa = XCSwiftPackageProductDependency;
			package = BBCD1C122DE26F8C001588EA /* XCRemoteSwiftPackageReference "firebase-ios-sdk" */;
			productName = FirebaseStorage;
		};
/* End XCSwiftPackageProductDependency section */
	};
	rootObject = BBC20E102DE0EE6300781D93 /* Project object */;
}
